
Microsoft Visual Studio Solution File, Format Version 12.00
# Visual Studio Version 17
VisualStudioVersion = 17.14.36119.2 d17.14
MinimumVisualStudioVersion = 10.0.40219.1
Project("{FAE04EC0-301F-11D3-BF4B-00C04F79EFBC}") = "TestChatSignalR", "TestChatSignalR\TestChatSignalR.csproj", "{7D9D527B-72C0-4130-8830-9E4B1DC2E24B}"
EndProject
Global
	GlobalSection(SolutionConfigurationPlatforms) = preSolution
		Debug|Any CPU = Debug|Any CPU
		Release|Any CPU = Release|Any CPU
	EndGlobalSection
	GlobalSection(ProjectConfigurationPlatforms) = postSolution
		{7D9D527B-72C0-4130-8830-9E4B1DC2E24B}.Debug|Any CPU.ActiveCfg = Debug|Any CPU
		{7D9D527B-72C0-4130-8830-9E4B1DC2E24B}.Debug|Any CPU.Build.0 = Debug|Any CPU
		{7D9D527B-72C0-4130-8830-9E4B1DC2E24B}.Release|Any CPU.ActiveCfg = Release|Any CPU
		{7D9D527B-72C0-4130-8830-9E4B1DC2E24B}.Release|Any CPU.Build.0 = Release|Any CPU
	EndGlobalSection
	GlobalSection(SolutionProperties) = preSolution
		HideSolutionNode = FALSE
	EndGlobalSection
	GlobalSection(ExtensibilityGlobals) = postSolution
		SolutionGuid = {92ED6595-DF26-4BBC-A8E9-A95BD79655A0}
	EndGlobalSection
EndGlobal
